// !$*UTF8*$!
{
	archiveVersion = 1;
	classes = {
	};
	objectVersion = 55;
	objects = {

/* Begin PBXBuildFile section */
		23B5E0A82A249C4B00AABE82 /* FilmAramaSwiftUIApp.swift in Sources */ = {isa = PBXBuildFile; fileRef = 23B5E0A72A249C4B00AABE82 /* FilmAramaSwiftUIApp.swift */; };
		23B5E0AA2A249C4B00AABE82 /* ContentView.swift in Sources */ = {isa = PBXBuildFile; fileRef = 23B5E0A92A249C4B00AABE82 /* ContentView.swift */; };
		23B5E0AC2A249C4E00AABE82 /* Assets.xcassets in Resources */ = {isa = PBXBuildFile; fileRef = 23B5E0AB2A249C4E00AABE82 /* Assets.xcassets */; };
		23B5E0AF2A249C4E00AABE82 /* Preview Assets.xcassets in Resources */ = {isa = PBXBuildFile; fileRef = 23B5E0AE2A249C4E00AABE82 /* Preview Assets.xcassets */; };
		23B5E0BA2A249D6500AABE82 /* Film.swift in Sources */ = {isa = PBXBuildFile; fileRef = 23B5E0B92A249D6500AABE82 /* Film.swift */; };
		23B5E0BD2A24A2E300AABE82 /* DownloaderClient.swift in Sources */ = {isa = PBXBuildFile; fileRef = 23B5E0BC2A24A2E300AABE82 /* DownloaderClient.swift */; };
/* End PBXBuildFile section */

/* Begin PBXFileReference section */
		23B5E0A42A249C4B00AABE82 /* FilmAramaSwiftUI.app */ = {isa = PBXFileReference; explicitFileType = wrapper.application; includeInIndex = 0; path = FilmAramaSwiftUI.app; sourceTree = BUILT_PRODUCTS_DIR; };
		23B5E0A72A249C4B00AABE82 /* FilmAramaSwiftUIApp.swift */ = {isa = PBXFileReference; lastKnownFileType = sourcecode.swift; path = FilmAramaSwiftUIApp.swift; sourceTree = "<group>"; };
		23B5E0A92A249C4B00AABE82 /* ContentView.swift */ = {isa = PBXFileReference; lastKnownFileType = sourcecode.swift; path = ContentView.swift; sourceTree = "<group>"; };
		23B5E0AB2A249C4E00AABE82 /* Assets.xcassets */ = {isa = PBXFileReference; lastKnownFileType = folder.assetcatalog; path = Assets.xcassets; sourceTree = "<group>"; };
		23B5E0AE2A249C4E00AABE82 /* Preview Assets.xcassets */ = {isa = PBXFileReference; lastKnownFileType = folder.assetcatalog; path = "Preview Assets.xcassets"; sourceTree = "<group>"; };
		23B5E0B92A249D6500AABE82 /* Film.swift */ = {isa = PBXFileReference; lastKnownFileType = sourcecode.swift; path = Film.swift; sourceTree = "<group>"; };
		23B5E0BC2A24A2E300AABE82 /* DownloaderClient.swift */ = {isa = PBXFileReference; lastKnownFileType = sourcecode.swift; path = DownloaderClient.swift; sourceTree = "<group>"; };
/* End PBXFileReference section */

/* Begin PBXFrameworksBuildPhase section */
		23B5E0A12A249C4B00AABE82 /* Frameworks */ = {
			isa = PBXFrameworksBuildPhase;
			buildActionMask = 2147483647;
			files = (
			);
			runOnlyForDeploymentPostprocessing = 0;
		};
/* End PBXFrameworksBuildPhase section */

/* Begin PBXGroup section */
		23B5E09B2A249C4B00AABE82 = {
			isa = PBXGroup;
			children = (
				23B5E0A62A249C4B00AABE82 /* FilmAramaSwiftUI */,
				23B5E0A52A249C4B00AABE82 /* Products */,
			);
			sourceTree = "<group>";
		};
		23B5E0A52A249C4B00AABE82 /* Products */ = {
			isa = PBXGroup;
			children = (
				23B5E0A42A249C4B00AABE82 /* FilmAramaSwiftUI.app */,
			);
			name = Products;
			sourceTree = "<group>";
		};
		23B5E0A62A249C4B00AABE82 /* FilmAramaSwiftUI */ = {
			isa = PBXGroup;
			children = (
				23B5E0BB2A24A26300AABE82 /* Servis */,
				23B5E0B82A249D0E00AABE82 /* App */,
				23B5E0B72A249D0100AABE82 /* View */,
				23B5E0B62A249CF300AABE82 /* ViewModel */,
				23B5E0B52A249CD800AABE82 /* Model */,
				23B5E0AB2A249C4E00AABE82 /* Assets.xcassets */,
				23B5E0AD2A249C4E00AABE82 /* Preview Content */,
			);
			path = FilmAramaSwiftUI;
			sourceTree = "<group>";
		};
		23B5E0AD2A249C4E00AABE82 /* Preview Content */ = {
			isa = PBXGroup;
			children = (
				23B5E0AE2A249C4E00AABE82 /* Preview Assets.xcassets */,
			);
			path = "Preview Content";
			sourceTree = "<group>";
		};
		23B5E0B52A249CD800AABE82 /* Model */ = {
			isa = PBXGroup;
			children = (
				23B5E0B92A249D6500AABE82 /* Film.swift */,
			);
			path = Model;
			sourceTree = "<group>";
		};
		23B5E0B62A249CF300AABE82 /* ViewModel */ = {
			isa = PBXGroup;
			children = (
			);
			path = ViewModel;
			sourceTree = "<group>";
		};
		23B5E0B72A249D0100AABE82 /* View */ = {
			isa = PBXGroup;
			children = (
				23B5E0A92A249C4B00AABE82 /* ContentView.swift */,
			);
			path = View;
			sourceTree = "<group>";
		};
		23B5E0B82A249D0E00AABE82 /* App */ = {
			isa = PBXGroup;
			children = (
				23B5E0A72A249C4B00AABE82 /* FilmAramaSwiftUIApp.swift */,
			);
			path = App;
			sourceTree = "<group>";
		};
		23B5E0BB2A24A26300AABE82 /* Servis */ = {
			isa = PBXGroup;
			children = (
				23B5E0BC2A24A2E300AABE82 /* DownloaderClient.swift */,
			);
			path = Servis;
			sourceTree = "<group>";
		};
/* End PBXGroup section */

/* Begin PBXNativeTarget section */
		23B5E0A32A249C4B00AABE82 /* FilmAramaSwiftUI */ = {
			isa = PBXNativeTarget;
			buildConfigurationList = 23B5E0B22A249C4E00AABE82 /* Build configuration list for PBXNativeTarget "FilmAramaSwiftUI" */;
			buildPhases = (
				23B5E0A02A249C4B00AABE82 /* Sources */,
				23B5E0A12A249C4B00AABE82 /* Frameworks */,
				23B5E0A22A249C4B00AABE82 /* Resources */,
			);
			buildRules = (
			);
			dependencies = (
			);
			name = FilmAramaSwiftUI;
			productName = FilmAramaSwiftUI;
			productReference = 23B5E0A42A249C4B00AABE82 /* FilmAramaSwiftUI.app */;
			productType = "com.apple.product-type.application";
		};
/* End PBXNativeTarget section */

/* Begin PBXProject section */
		23B5E09C2A249C4B00AABE82 /* Project object */ = {
			isa = PBXProject;
			attributes = {
				BuildIndependentTargetsInParallel = 1;
				LastSwiftUpdateCheck = 1330;
				LastUpgradeCheck = 1330;
				TargetAttributes = {
					23B5E0A32A249C4B00AABE82 = {
						CreatedOnToolsVersion = 13.3;
					};
				};
			};
			buildConfigurationList = 23B5E09F2A249C4B00AABE82 /* Build configuration list for PBXProject "FilmAramaSwiftUI" */;
			compatibilityVersion = "Xcode 13.0";
			developmentRegion = en;
			hasScannedForEncodings = 0;
			knownRegions = (
				en,
				Base,
			);
			mainGroup = 23B5E09B2A249C4B00AABE82;
			productRefGroup = 23B5E0A52A249C4B00AABE82 /* Products */;
			projectDirPath = "";
			projectRoot = "";
			targets = (
				23B5E0A32A249C4B00AABE82 /* FilmAramaSwiftUI */,
			);
		};
/* End PBXProject section */

/* Begin PBXResourcesBuildPhase section */
		23B5E0A22A249C4B00AABE82 /* Resources */ = {
			isa = PBXResourcesBuildPhase;
			buildActionMask = 2147483647;
			files = (
				23B5E0AF2A249C4E00AABE82 /* Preview Assets.xcassets in Resources */,
				23B5E0AC2A249C4E00AABE82 /* Assets.xcassets in Resources */,
			);
			runOnlyForDeploymentPostprocessing = 0;
		};
/* End PBXResourcesBuildPhase section */

/* Begin PBXSourcesBuildPhase section */
		23B5E0A02A249C4B00AABE82 /* Sources */ = {
			isa = PBXSourcesBuildPhase;
			buildActionMask = 2147483647;
			files = (
				23B5E0AA2A249C4B00AABE82 /* ContentView.swift in Sources */,
				23B5E0BA2A249D6500AABE82 /* Film.swift in Sources */,
				23B5E0A82A249C4B00AABE82 /* FilmAramaSwiftUIApp.swift in Sources */,
				23B5E0BD2A24A2E300AABE82 /* DownloaderClient.swift in Sources */,
			);
			runOnlyForDeploymentPostprocessing = 0;
		};
/* End PBXSourcesBuildPhase section */

/* Begin XCBuildConfiguration section */
		23B5E0B02A249C4E00AABE82 /* Debug */ = {
			isa = XCBuildConfiguration;
			buildSettings = {
				ALWAYS_SEARCH_USER_PATHS = NO;
				CLANG_ANALYZER_NONNULL = YES;
				CLANG_ANALYZER_NUMBER_OBJECT_CONVERSION = YES_AGGRESSIVE;
				CLANG_CXX_LANGUAGE_STANDARD = "gnu++17";
				CLANG_ENABLE_MODULES = YES;
				CLANG_ENABLE_OBJC_ARC = YES;
				CLANG_ENABLE_OBJC_WEAK = YES;
				CLANG_WARN_BLOCK_CAPTURE_AUTORELEASING = YES;
				CLANG_WARN_BOOL_CONVERSION = YES;
				CLANG_WARN_COMMA = YES;
				CLANG_WARN_CONSTANT_CONVERSION = YES;
				CLANG_WARN_DEPRECATED_OBJC_IMPLEMENTATIONS = YES;
				CLANG_WARN_DIRECT_OBJC_ISA_USAGE = YES_ERROR;
				CLANG_WARN_DOCUMENTATION_COMMENTS = YES;
				CLANG_WARN_EMPTY_BODY = YES;
				CLANG_WARN_ENUM_CONVERSION = YES;
				CLANG_WARN_INFINITE_RECURSION = YES;
				CLANG_WARN_INT_CONVERSION = YES;
				CLANG_WARN_NON_LITERAL_NULL_CONVERSION = YES;
				CLANG_WARN_OBJC_IMPLICIT_RETAIN_SELF = YES;
				CLANG_WARN_OBJC_LITERAL_CONVERSION = YES;
				CLANG_WARN_OBJC_ROOT_CLASS = YES_ERROR;
				CLANG_WARN_QUOTED_INCLUDE_IN_FRAMEWORK_HEADER = YES;
				CLANG_WARN_RANGE_LOOP_ANALYSIS = YES;
				CLANG_WARN_STRICT_PROTOTYPES = YES;
				CLANG_WARN_SUSPICIOUS_MOVE = YES;
				CLANG_WARN_UNGUARDED_AVAILABILITY = YES_AGGRESSIVE;
				CLANG_WARN_UNREACHABLE_CODE = YES;
				CLANG_WARN__DUPLICATE_METHOD_MATCH = YES;
				COPY_PHASE_STRIP = NO;
				DEBUG_INFORMATION_FORMAT = dwarf;
				ENABLE_STRICT_OBJC_MSGSEND = YES;
				ENABLE_TESTABILITY = YES;
				GCC_C_LANGUAGE_STANDARD = gnu11;
				GCC_DYNAMIC_NO_PIC = NO;
				GCC_NO_COMMON_BLOCKS = YES;
				GCC_OPTIMIZATION_LEVEL = 0;
				GCC_PREPROCESSOR_DEFINITIONS = (
					"DEBUG=1",
					"$(inherited)",
				);
				GCC_WARN_64_TO_32_BIT_CONVERSION = YES;
				GCC_WARN_ABOUT_RETURN_TYPE = YES_ERROR;
				GCC_WARN_UNDECLARED_SELECTOR = YES;
				GCC_WARN_UNINITIALIZED_AUTOS = YES_AGGRESSIVE;
				GCC_WARN_UNUSED_FUNCTION = YES;
				GCC_WARN_UNUSED_VARIABLE = YES;
				IPHONEOS_DEPLOYMENT_TARGET = 15.4;
				MTL_ENABLE_DEBUG_INFO = INCLUDE_SOURCE;
				MTL_FAST_MATH = YES;
				ONLY_ACTIVE_ARCH = YES;
				SDKROOT = iphoneos;
				SWIFT_ACTIVE_COMPILATION_CONDITIONS = DEBUG;
				SWIFT_OPTIMIZATION_LEVEL = "-Onone";
			};
			name = Debug;
		};
		23B5E0B12A249C4E00AABE82 /* Release */ = {
			isa = XCBuildConfiguration;
			buildSettings = {
				ALWAYS_SEARCH_USER_PATHS = NO;
				CLANG_ANALYZER_NONNULL = YES;
				CLANG_ANALYZER_NUMBER_OBJECT_CONVERSION = YES_AGGRESSIVE;
				CLANG_CXX_LANGUAGE_STANDARD = "gnu++17";
				CLANG_ENABLE_MODULES = YES;
				CLANG_ENABLE_OBJC_ARC = YES;
				CLANG_ENABLE_OBJC_WEAK = YES;
				CLANG_WARN_BLOCK_CAPTURE_AUTORELEASING = YES;
				CLANG_WARN_BOOL_CONVERSION = YES;
				CLANG_WARN_COMMA = YES;
				CLANG_WARN_CONSTANT_CONVERSION = YES;
				CLANG_WARN_DEPRECATED_OBJC_IMPLEMENTATIONS = YES;
				CLANG_WARN_DIRECT_OBJC_ISA_USAGE = YES_ERROR;
				CLANG_WARN_DOCUMENTATION_COMMENTS = YES;
				CLANG_WARN_EMPTY_BODY = YES;
				CLANG_WARN_ENUM_CONVERSION = YES;
				CLANG_WARN_INFINITE_RECURSION = YES;
				CLANG_WARN_INT_CONVERSION = YES;
				CLANG_WARN_NON_LITERAL_NULL_CONVERSION = YES;
				CLANG_WARN_OBJC_IMPLICIT_RETAIN_SELF = YES;
				CLANG_WARN_OBJC_LITERAL_CONVERSION = YES;
				CLANG_WARN_OBJC_ROOT_CLASS = YES_ERROR;
				CLANG_WARN_QUOTED_INCLUDE_IN_FRAMEWORK_HEADER = YES;
				CLANG_WARN_RANGE_LOOP_ANALYSIS = YES;
				CLANG_WARN_STRICT_PROTOTYPES = YES;
				CLANG_WARN_SUSPICIOUS_MOVE = YES;
				CLANG_WARN_UNGUARDED_AVAILABILITY = YES_AGGRESSIVE;
				CLANG_WARN_UNREACHABLE_CODE = YES;
				CLANG_WARN__DUPLICATE_METHOD_MATCH = YES;
				COPY_PHASE_STRIP = NO;
				DEBUG_INFORMATION_FORMAT = "dwarf-with-dsym";
				ENABLE_NS_ASSERTIONS = NO;
				ENABLE_STRICT_OBJC_MSGSEND = YES;
				GCC_C_LANGUAGE_STANDARD = gnu11;
				GCC_NO_COMMON_BLOCKS = YES;
				GCC_WARN_64_TO_32_BIT_CONVERSION = YES;
				GCC_WARN_ABOUT_RETURN_TYPE = YES_ERROR;
				GCC_WARN_UNDECLARED_SELECTOR = YES;
				GCC_WARN_UNINITIALIZED_AUTOS = YES_AGGRESSIVE;
				GCC_WARN_UNUSED_FUNCTION = YES;
				GCC_WARN_UNUSED_VARIABLE = YES;
				IPHONEOS_DEPLOYMENT_TARGET = 15.4;
				MTL_ENABLE_DEBUG_INFO = NO;
				MTL_FAST_MATH = YES;
				SDKROOT = iphoneos;
				SWIFT_COMPILATION_MODE = wholemodule;
				SWIFT_OPTIMIZATION_LEVEL = "-O";
				VALIDATE_PRODUCT = YES;
			};
			name = Release;
		};
		23B5E0B32A249C4E00AABE82 /* Debug */ = {
			isa = XCBuildConfiguration;
			buildSettings = {
				ASSETCATALOG_COMPILER_APPICON_NAME = AppIcon;
				ASSETCATALOG_COMPILER_GLOBAL_ACCENT_COLOR_NAME = AccentColor;
				CODE_SIGN_STYLE = Automatic;
				CURRENT_PROJECT_VERSION = 1;
				DEVELOPMENT_ASSET_PATHS = "\"FilmAramaSwiftUI/Preview Content\"";
				DEVELOPMENT_TEAM = AU4U3J3D69;
				ENABLE_PREVIEWS = YES;
				GENERATE_INFOPLIST_FILE = YES;
				INFOPLIST_KEY_UIApplicationSceneManifest_Generation = YES;
				INFOPLIST_KEY_UIApplicationSupportsIndirectInputEvents = YES;
				INFOPLIST_KEY_UILaunchScreen_Generation = YES;
				INFOPLIST_KEY_UISupportedInterfaceOrientations_iPad = "UIInterfaceOrientationPortrait UIInterfaceOrientationPortraitUpsideDown UIInterfaceOrientationLandscapeLeft UIInterfaceOrientationLandscapeRight";
				INFOPLIST_KEY_UISupportedInterfaceOrientations_iPhone = "UIInterfaceOrientationPortrait UIInterfaceOrientationLandscapeLeft UIInterfaceOrientationLandscapeRight";
				LD_RUNPATH_SEARCH_PATHS = (
					"$(inherited)",
					"@executable_path/Frameworks",
				);
				MARKETING_VERSION = 1.0;
				PRODUCT_BUNDLE_IDENTIFIER = com.sirineksi.FilmAramaSwiftUI;
				PRODUCT_NAME = "$(TARGET_NAME)";
				SWIFT_EMIT_LOC_STRINGS = YES;
				SWIFT_VERSION = 5.0;
				TARGETED_DEVICE_FAMILY = "1,2";
			};
			name = Debug;
		};
		23B5E0B42A249C4E00AABE82 /* Release */ = {
			isa = XCBuildConfiguration;
			buildSettings = {
				ASSETCATALOG_COMPILER_APPICON_NAME = AppIcon;
				ASSETCATALOG_COMPILER_GLOBAL_ACCENT_COLOR_NAME = AccentColor;
				CODE_SIGN_STYLE = Automatic;
				CURRENT_PROJECT_VERSION = 1;
				DEVELOPMENT_ASSET_PATHS = "\"FilmAramaSwiftUI/Preview Content\"";
				DEVELOPMENT_TEAM = AU4U3J3D69;
				ENABLE_PREVIEWS = YES;
				GENERATE_INFOPLIST_FILE = YES;
				INFOPLIST_KEY_UIApplicationSceneManifest_Generation = YES;
				INFOPLIST_KEY_UIApplicationSupportsIndirectInputEvents = YES;
				INFOPLIST_KEY_UILaunchScreen_Generation = YES;
				INFOPLIST_KEY_UISupportedInterfaceOrientations_iPad = "UIInterfaceOrientationPortrait UIInterfaceOrientationPortraitUpsideDown UIInterfaceOrientationLandscapeLeft UIInterfaceOrientationLandscapeRight";
				INFOPLIST_KEY_UISupportedInterfaceOrientations_iPhone = "UIInterfaceOrientationPortrait UIInterfaceOrientationLandscapeLeft UIInterfaceOrientationLandscapeRight";
				LD_RUNPATH_SEARCH_PATHS = (
					"$(inherited)",
					"@executable_path/Frameworks",
				);
				MARKETING_VERSION = 1.0;
				PRODUCT_BUNDLE_IDENTIFIER = com.sirineksi.FilmAramaSwiftUI;
				PRODUCT_NAME = "$(TARGET_NAME)";
				SWIFT_EMIT_LOC_STRINGS = YES;
				SWIFT_VERSION = 5.0;
				TARGETED_DEVICE_FAMILY = "1,2";
			};
			name = Release;
		};
/* End XCBuildConfiguration section */

/* Begin XCConfigurationList section */
		23B5E09F2A249C4B00AABE82 /* Build configuration list for PBXProject "FilmAramaSwiftUI" */ = {
			isa = XCConfigurationList;
			buildConfigurations = (
				23B5E0B02A249C4E00AABE82 /* Debug */,
				23B5E0B12A249C4E00AABE82 /* Release */,
			);
			defaultConfigurationIsVisible = 0;
			defaultConfigurationName = Release;
		};
		23B5E0B22A249C4E00AABE82 /* Build configuration list for PBXNativeTarget "FilmAramaSwiftUI" */ = {
			isa = XCConfigurationList;
			buildConfigurations = (
				23B5E0B32A249C4E00AABE82 /* Debug */,
				23B5E0B42A249C4E00AABE82 /* Release */,
			);
			defaultConfigurationIsVisible = 0;
			defaultConfigurationName = Release;
		};
/* End XCConfigurationList section */
	};
	rootObject = 23B5E09C2A249C4B00AABE82 /* Project object */;
}
